
Microsoft Visual Studio Solution File, Format Version 12.00
# Visual Studio 15
VisualStudioVersion = 15.0.28307.489
MinimumVisualStudioVersion = 10.0.40219.1
Project("{FAE04EC0-301F-11D3-BF4B-00C04F79EFBC}") = "WoodyPlants", "WoodyPlants\WoodyPlants\WoodyPlants.csproj", "{DD310407-92A3-498F-8B3B-9443870E742F}"
EndProject
Project("{FAE04EC0-301F-11D3-BF4B-00C04F79EFBC}") = "WoodyPlants.Droid", "WoodyPlants\WoodyPlants.Droid\WoodyPlants.Droid.csproj", "{D5C4402A-D7A4-4048-9F8B-C8F22F72E02B}"
EndProject
Project("{FAE04EC0-301F-11D3-BF4B-00C04F79EFBC}") = "WoodyPlants.iOS", "WoodyPlants\WoodyPlants.iOS\WoodyPlants.iOS.csproj", "{E1335EFA-BA9D-4DA2-98CF-8A3FA9C4A05F}"
EndProject
Global
	GlobalSection(SolutionConfigurationPlatforms) = preSolution
		Ad-Hoc|Any CPU = Ad-Hoc|Any CPU
		Ad-Hoc|ARM = Ad-Hoc|ARM
		Ad-Hoc|iPhone = Ad-Hoc|iPhone
		Ad-Hoc|iPhoneSimulator = Ad-Hoc|iPhoneSimulator
		Ad-Hoc|x64 = Ad-Hoc|x64
		Ad-Hoc|x86 = Ad-Hoc|x86
		AppStore|Any CPU = AppStore|Any CPU
		AppStore|ARM = AppStore|ARM
		AppStore|iPhone = AppStore|iPhone
		AppStore|iPhoneSimulator = AppStore|iPhoneSimulator
		AppStore|x64 = AppStore|x64
		AppStore|x86 = AppStore|x86
		Debug|Any CPU = Debug|Any CPU
		Debug|ARM = Debug|ARM
		Debug|iPhone = Debug|iPhone
		Debug|iPhoneSimulator = Debug|iPhoneSimulator
		Debug|x64 = Debug|x64
		Debug|x86 = Debug|x86
		Release|Any CPU = Release|Any CPU
		Release|ARM = Release|ARM
		Release|iPhone = Release|iPhone
		Release|iPhoneSimulator = Release|iPhoneSimulator
		Release|x64 = Release|x64
		Release|x86 = Release|x86
	EndGlobalSection
	GlobalSection(ProjectConfigurationPlatforms) = postSolution
		{DD310407-92A3-498F-8B3B-9443870E742F}.Ad-Hoc|Any CPU.ActiveCfg = Release|Any CPU
		{DD310407-92A3-498F-8B3B-9443870E742F}.Ad-Hoc|Any CPU.Build.0 = Release|Any CPU
		{DD310407-92A3-498F-8B3B-9443870E742F}.Ad-Hoc|ARM.ActiveCfg = Release|Any CPU
		{DD310407-92A3-498F-8B3B-9443870E742F}.Ad-Hoc|ARM.Build.0 = Release|Any CPU
		{DD310407-92A3-498F-8B3B-9443870E742F}.Ad-Hoc|iPhone.ActiveCfg = Release|Any CPU
		{DD310407-92A3-498F-8B3B-9443870E742F}.Ad-Hoc|iPhone.Build.0 = Release|Any CPU
		{DD310407-92A3-498F-8B3B-9443870E742F}.Ad-Hoc|iPhoneSimulator.ActiveCfg = Release|Any CPU
		{DD310407-92A3-498F-8B3B-9443870E742F}.Ad-Hoc|iPhoneSimulator.Build.0 = Release|Any CPU
		{DD310407-92A3-498F-8B3B-9443870E742F}.Ad-Hoc|x64.ActiveCfg = Release|Any CPU
		{DD310407-92A3-498F-8B3B-9443870E742F}.Ad-Hoc|x64.Build.0 = Release|Any CPU
		{DD310407-92A3-498F-8B3B-9443870E742F}.Ad-Hoc|x86.ActiveCfg = Release|Any CPU
		{DD310407-92A3-498F-8B3B-9443870E742F}.Ad-Hoc|x86.Build.0 = Release|Any CPU
		{DD310407-92A3-498F-8B3B-9443870E742F}.AppStore|Any CPU.ActiveCfg = Release|Any CPU
		{DD310407-92A3-498F-8B3B-9443870E742F}.AppStore|Any CPU.Build.0 = Release|Any CPU
		{DD310407-92A3-498F-8B3B-9443870E742F}.AppStore|ARM.ActiveCfg = Release|Any CPU
		{DD310407-92A3-498F-8B3B-9443870E742F}.AppStore|ARM.Build.0 = Release|Any CPU
		{DD310407-92A3-498F-8B3B-9443870E742F}.AppStore|iPhone.ActiveCfg = Release|Any CPU
		{DD310407-92A3-498F-8B3B-9443870E742F}.AppStore|iPhone.Build.0 = Release|Any CPU
		{DD310407-92A3-498F-8B3B-9443870E742F}.AppStore|iPhoneSimulator.ActiveCfg = Release|Any CPU
		{DD310407-92A3-498F-8B3B-9443870E742F}.AppStore|iPhoneSimulator.Build.0 = Release|Any CPU
		{DD310407-92A3-498F-8B3B-9443870E742F}.AppStore|x64.ActiveCfg = Release|Any CPU
		{DD310407-92A3-498F-8B3B-9443870E742F}.AppStore|x64.Build.0 = Release|Any CPU
		{DD310407-92A3-498F-8B3B-9443870E742F}.AppStore|x86.ActiveCfg = Release|Any CPU
		{DD310407-92A3-498F-8B3B-9443870E742F}.AppStore|x86.Build.0 = Release|Any CPU
		{DD310407-92A3-498F-8B3B-9443870E742F}.Debug|Any CPU.ActiveCfg = Debug|Any CPU
		{DD310407-92A3-498F-8B3B-9443870E742F}.Debug|Any CPU.Build.0 = Debug|Any CPU
		{DD310407-92A3-498F-8B3B-9443870E742F}.Debug|ARM.ActiveCfg = Debug|Any CPU
		{DD310407-92A3-498F-8B3B-9443870E742F}.Debug|ARM.Build.0 = Debug|Any CPU
		{DD310407-92A3-498F-8B3B-9443870E742F}.Debug|iPhone.ActiveCfg = Debug|Any CPU
		{DD310407-92A3-498F-8B3B-9443870E742F}.Debug|iPhone.Build.0 = Debug|Any CPU
		{DD310407-92A3-498F-8B3B-9443870E742F}.Debug|iPhoneSimulator.ActiveCfg = Debug|Any CPU
		{DD310407-92A3-498F-8B3B-9443870E742F}.Debug|iPhoneSimulator.Build.0 = Debug|Any CPU
		{DD310407-92A3-498F-8B3B-9443870E742F}.Debug|x64.ActiveCfg = Debug|Any CPU
		{DD310407-92A3-498F-8B3B-9443870E742F}.Debug|x64.Build.0 = Debug|Any CPU
		{DD310407-92A3-498F-8B3B-9443870E742F}.Debug|x86.ActiveCfg = Debug|Any CPU
		{DD310407-92A3-498F-8B3B-9443870E742F}.Debug|x86.Build.0 = Debug|Any CPU
		{DD310407-92A3-498F-8B3B-9443870E742F}.Release|Any CPU.ActiveCfg = Release|Any CPU
		{DD310407-92A3-498F-8B3B-9443870E742F}.Release|Any CPU.Build.0 = Release|Any CPU
		{DD310407-92A3-498F-8B3B-9443870E742F}.Release|ARM.ActiveCfg = Release|Any CPU
		{DD310407-92A3-498F-8B3B-9443870E742F}.Release|ARM.Build.0 = Release|Any CPU
		{DD310407-92A3-498F-8B3B-9443870E742F}.Release|iPhone.ActiveCfg = Release|Any CPU
		{DD310407-92A3-498F-8B3B-9443870E742F}.Release|iPhone.Build.0 = Release|Any CPU
		{DD310407-92A3-498F-8B3B-9443870E742F}.Release|iPhoneSimulator.ActiveCfg = Release|Any CPU
		{DD310407-92A3-498F-8B3B-9443870E742F}.Release|iPhoneSimulator.Build.0 = Release|Any CPU
		{DD310407-92A3-498F-8B3B-9443870E742F}.Release|x64.ActiveCfg = Release|Any CPU
		{DD310407-92A3-498F-8B3B-9443870E742F}.Release|x64.Build.0 = Release|Any CPU
		{DD310407-92A3-498F-8B3B-9443870E742F}.Release|x86.ActiveCfg = Release|Any CPU
		{DD310407-92A3-498F-8B3B-9443870E742F}.Release|x86.Build.0 = Release|Any CPU
		{D5C4402A-D7A4-4048-9F8B-C8F22F72E02B}.Ad-Hoc|Any CPU.ActiveCfg = Release|Any CPU
		{D5C4402A-D7A4-4048-9F8B-C8F22F72E02B}.Ad-Hoc|Any CPU.Build.0 = Release|Any CPU
		{D5C4402A-D7A4-4048-9F8B-C8F22F72E02B}.Ad-Hoc|Any CPU.Deploy.0 = Release|Any CPU
		{D5C4402A-D7A4-4048-9F8B-C8F22F72E02B}.Ad-Hoc|ARM.ActiveCfg = Release|Any CPU
		{D5C4402A-D7A4-4048-9F8B-C8F22F72E02B}.Ad-Hoc|ARM.Build.0 = Release|Any CPU
		{D5C4402A-D7A4-4048-9F8B-C8F22F72E02B}.Ad-Hoc|ARM.Deploy.0 = Release|Any CPU
		{D5C4402A-D7A4-4048-9F8B-C8F22F72E02B}.Ad-Hoc|iPhone.ActiveCfg = Release|Any CPU
		{D5C4402A-D7A4-4048-9F8B-C8F22F72E02B}.Ad-Hoc|iPhone.Build.0 = Release|Any CPU
		{D5C4402A-D7A4-4048-9F8B-C8F22F72E02B}.Ad-Hoc|iPhone.Deploy.0 = Release|Any CPU
		{D5C4402A-D7A4-4048-9F8B-C8F22F72E02B}.Ad-Hoc|iPhoneSimulator.ActiveCfg = Release|Any CPU
		{D5C4402A-D7A4-4048-9F8B-C8F22F72E02B}.Ad-Hoc|iPhoneSimulator.Build.0 = Release|Any CPU
		{D5C4402A-D7A4-4048-9F8B-C8F22F72E02B}.Ad-Hoc|iPhoneSimulator.Deploy.0 = Release|Any CPU
		{D5C4402A-D7A4-4048-9F8B-C8F22F72E02B}.Ad-Hoc|x64.ActiveCfg = Release|Any CPU
		{D5C4402A-D7A4-4048-9F8B-C8F22F72E02B}.Ad-Hoc|x64.Build.0 = Release|Any CPU
		{D5C4402A-D7A4-4048-9F8B-C8F22F72E02B}.Ad-Hoc|x64.Deploy.0 = Release|Any CPU
		{D5C4402A-D7A4-4048-9F8B-C8F22F72E02B}.Ad-Hoc|x86.ActiveCfg = Release|Any CPU
		{D5C4402A-D7A4-4048-9F8B-C8F22F72E02B}.Ad-Hoc|x86.Build.0 = Release|Any CPU
		{D5C4402A-D7A4-4048-9F8B-C8F22F72E02B}.Ad-Hoc|x86.Deploy.0 = Release|Any CPU
		{D5C4402A-D7A4-4048-9F8B-C8F22F72E02B}.AppStore|Any CPU.ActiveCfg = Release|Any CPU
		{D5C4402A-D7A4-4048-9F8B-C8F22F72E02B}.AppStore|Any CPU.Build.0 = Release|Any CPU
		{D5C4402A-D7A4-4048-9F8B-C8F22F72E02B}.AppStore|Any CPU.Deploy.0 = Release|Any CPU
		{D5C4402A-D7A4-4048-9F8B-C8F22F72E02B}.AppStore|ARM.ActiveCfg = Release|Any CPU
		{D5C4402A-D7A4-4048-9F8B-C8F22F72E02B}.AppStore|ARM.Build.0 = Release|Any CPU
		{D5C4402A-D7A4-4048-9F8B-C8F22F72E02B}.AppStore|ARM.Deploy.0 = Release|Any CPU
		{D5C4402A-D7A4-4048-9F8B-C8F22F72E02B}.AppStore|iPhone.ActiveCfg = Release|Any CPU
		{D5C4402A-D7A4-4048-9F8B-C8F22F72E02B}.AppStore|iPhone.Build.0 = Release|Any CPU
		{D5C4402A-D7A4-4048-9F8B-C8F22F72E02B}.AppStore|iPhone.Deploy.0 = Release|Any CPU
		{D5C4402A-D7A4-4048-9F8B-C8F22F72E02B}.AppStore|iPhoneSimulator.ActiveCfg = Release|Any CPU
		{D5C4402A-D7A4-4048-9F8B-C8F22F72E02B}.AppStore|iPhoneSimulator.Build.0 = Release|Any CPU
		{D5C4402A-D7A4-4048-9F8B-C8F22F72E02B}.AppStore|iPhoneSimulator.Deploy.0 = Release|Any CPU
		{D5C4402A-D7A4-4048-9F8B-C8F22F72E02B}.AppStore|x64.ActiveCfg = Release|Any CPU
		{D5C4402A-D7A4-4048-9F8B-C8F22F72E02B}.AppStore|x64.Build.0 = Release|Any CPU
		{D5C4402A-D7A4-4048-9F8B-C8F22F72E02B}.AppStore|x64.Deploy.0 = Release|Any CPU
		{D5C4402A-D7A4-4048-9F8B-C8F22F72E02B}.AppStore|x86.ActiveCfg = Release|Any CPU
		{D5C4402A-D7A4-4048-9F8B-C8F22F72E02B}.AppStore|x86.Build.0 = Release|Any CPU
		{D5C4402A-D7A4-4048-9F8B-C8F22F72E02B}.AppStore|x86.Deploy.0 = Release|Any CPU
		{D5C4402A-D7A4-4048-9F8B-C8F22F72E02B}.Debug|Any CPU.ActiveCfg = Debug|Any CPU
		{D5C4402A-D7A4-4048-9F8B-C8F22F72E02B}.Debug|Any CPU.Build.0 = Debug|Any CPU
		{D5C4402A-D7A4-4048-9F8B-C8F22F72E02B}.Debug|Any CPU.Deploy.0 = Debug|Any CPU
		{D5C4402A-D7A4-4048-9F8B-C8F22F72E02B}.Debug|ARM.ActiveCfg = Debug|Any CPU
		{D5C4402A-D7A4-4048-9F8B-C8F22F72E02B}.Debug|ARM.Build.0 = Debug|Any CPU
		{D5C4402A-D7A4-4048-9F8B-C8F22F72E02B}.Debug|ARM.Deploy.0 = Debug|Any CPU
		{D5C4402A-D7A4-4048-9F8B-C8F22F72E02B}.Debug|iPhone.ActiveCfg = Debug|Any CPU
		{D5C4402A-D7A4-4048-9F8B-C8F22F72E02B}.Debug|iPhone.Build.0 = Debug|Any CPU
		{D5C4402A-D7A4-4048-9F8B-C8F22F72E02B}.Debug|iPhone.Deploy.0 = Debug|Any CPU
		{D5C4402A-D7A4-4048-9F8B-C8F22F72E02B}.Debug|iPhoneSimulator.ActiveCfg = Debug|Any CPU
		{D5C4402A-D7A4-4048-9F8B-C8F22F72E02B}.Debug|iPhoneSimulator.Build.0 = Debug|Any CPU
		{D5C4402A-D7A4-4048-9F8B-C8F22F72E02B}.Debug|iPhoneSimulator.Deploy.0 = Debug|Any CPU
		{D5C4402A-D7A4-4048-9F8B-C8F22F72E02B}.Debug|x64.ActiveCfg = Debug|Any CPU
		{D5C4402A-D7A4-4048-9F8B-C8F22F72E02B}.Debug|x64.Build.0 = Debug|Any CPU
		{D5C4402A-D7A4-4048-9F8B-C8F22F72E02B}.Debug|x64.Deploy.0 = Debug|Any CPU
		{D5C4402A-D7A4-4048-9F8B-C8F22F72E02B}.Debug|x86.ActiveCfg = Debug|Any CPU
		{D5C4402A-D7A4-4048-9F8B-C8F22F72E02B}.Debug|x86.Build.0 = Debug|Any CPU
		{D5C4402A-D7A4-4048-9F8B-C8F22F72E02B}.Debug|x86.Deploy.0 = Debug|Any CPU
		{D5C4402A-D7A4-4048-9F8B-C8F22F72E02B}.Release|Any CPU.ActiveCfg = Release|Any CPU
		{D5C4402A-D7A4-4048-9F8B-C8F22F72E02B}.Release|Any CPU.Build.0 = Release|Any CPU
		{D5C4402A-D7A4-4048-9F8B-C8F22F72E02B}.Release|Any CPU.Deploy.0 = Release|Any CPU
		{D5C4402A-D7A4-4048-9F8B-C8F22F72E02B}.Release|ARM.ActiveCfg = Release|Any CPU
		{D5C4402A-D7A4-4048-9F8B-C8F22F72E02B}.Release|ARM.Build.0 = Release|Any CPU
		{D5C4402A-D7A4-4048-9F8B-C8F22F72E02B}.Release|ARM.Deploy.0 = Release|Any CPU
		{D5C4402A-D7A4-4048-9F8B-C8F22F72E02B}.Release|iPhone.ActiveCfg = Release|Any CPU
		{D5C4402A-D7A4-4048-9F8B-C8F22F72E02B}.Release|iPhone.Build.0 = Release|Any CPU
		{D5C4402A-D7A4-4048-9F8B-C8F22F72E02B}.Release|iPhone.Deploy.0 = Release|Any CPU
		{D5C4402A-D7A4-4048-9F8B-C8F22F72E02B}.Release|iPhoneSimulator.ActiveCfg = Release|Any CPU
		{D5C4402A-D7A4-4048-9F8B-C8F22F72E02B}.Release|iPhoneSimulator.Build.0 = Release|Any CPU
		{D5C4402A-D7A4-4048-9F8B-C8F22F72E02B}.Release|iPhoneSimulator.Deploy.0 = Release|Any CPU
		{D5C4402A-D7A4-4048-9F8B-C8F22F72E02B}.Release|x64.ActiveCfg = Release|Any CPU
		{D5C4402A-D7A4-4048-9F8B-C8F22F72E02B}.Release|x64.Build.0 = Release|Any CPU
		{D5C4402A-D7A4-4048-9F8B-C8F22F72E02B}.Release|x64.Deploy.0 = Release|Any CPU
		{D5C4402A-D7A4-4048-9F8B-C8F22F72E02B}.Release|x86.ActiveCfg = Release|Any CPU
		{D5C4402A-D7A4-4048-9F8B-C8F22F72E02B}.Release|x86.Build.0 = Release|Any CPU
		{D5C4402A-D7A4-4048-9F8B-C8F22F72E02B}.Release|x86.Deploy.0 = Release|Any CPU
		{E1335EFA-BA9D-4DA2-98CF-8A3FA9C4A05F}.Ad-Hoc|Any CPU.ActiveCfg = Ad-Hoc|iPhone
		{E1335EFA-BA9D-4DA2-98CF-8A3FA9C4A05F}.Ad-Hoc|ARM.ActiveCfg = Ad-Hoc|iPhone
		{E1335EFA-BA9D-4DA2-98CF-8A3FA9C4A05F}.Ad-Hoc|iPhone.ActiveCfg = Ad-Hoc|iPhone
		{E1335EFA-BA9D-4DA2-98CF-8A3FA9C4A05F}.Ad-Hoc|iPhone.Build.0 = Ad-Hoc|iPhone
		{E1335EFA-BA9D-4DA2-98CF-8A3FA9C4A05F}.Ad-Hoc|iPhoneSimulator.ActiveCfg = Ad-Hoc|iPhoneSimulator
		{E1335EFA-BA9D-4DA2-98CF-8A3FA9C4A05F}.Ad-Hoc|iPhoneSimulator.Build.0 = Ad-Hoc|iPhoneSimulator
		{E1335EFA-BA9D-4DA2-98CF-8A3FA9C4A05F}.Ad-Hoc|x64.ActiveCfg = Ad-Hoc|iPhone
		{E1335EFA-BA9D-4DA2-98CF-8A3FA9C4A05F}.Ad-Hoc|x86.ActiveCfg = Ad-Hoc|iPhone
		{E1335EFA-BA9D-4DA2-98CF-8A3FA9C4A05F}.AppStore|Any CPU.ActiveCfg = AppStore|iPhone
		{E1335EFA-BA9D-4DA2-98CF-8A3FA9C4A05F}.AppStore|ARM.ActiveCfg = AppStore|iPhone
		{E1335EFA-BA9D-4DA2-98CF-8A3FA9C4A05F}.AppStore|iPhone.ActiveCfg = AppStore|iPhone
		{E1335EFA-BA9D-4DA2-98CF-8A3FA9C4A05F}.AppStore|iPhone.Build.0 = AppStore|iPhone
		{E1335EFA-BA9D-4DA2-98CF-8A3FA9C4A05F}.AppStore|iPhoneSimulator.ActiveCfg = AppStore|iPhoneSimulator
		{E1335EFA-BA9D-4DA2-98CF-8A3FA9C4A05F}.AppStore|iPhoneSimulator.Build.0 = AppStore|iPhoneSimulator
		{E1335EFA-BA9D-4DA2-98CF-8A3FA9C4A05F}.AppStore|x64.ActiveCfg = AppStore|iPhone
		{E1335EFA-BA9D-4DA2-98CF-8A3FA9C4A05F}.AppStore|x86.ActiveCfg = AppStore|iPhone
		{E1335EFA-BA9D-4DA2-98CF-8A3FA9C4A05F}.Debug|Any CPU.ActiveCfg = Debug|iPhone
		{E1335EFA-BA9D-4DA2-98CF-8A3FA9C4A05F}.Debug|ARM.ActiveCfg = Debug|iPhone
		{E1335EFA-BA9D-4DA2-98CF-8A3FA9C4A05F}.Debug|iPhone.ActiveCfg = Debug|iPhone
		{E1335EFA-BA9D-4DA2-98CF-8A3FA9C4A05F}.Debug|iPhone.Build.0 = Debug|iPhone
		{E1335EFA-BA9D-4DA2-98CF-8A3FA9C4A05F}.Debug|iPhoneSimulator.ActiveCfg = Debug|iPhoneSimulator
		{E1335EFA-BA9D-4DA2-98CF-8A3FA9C4A05F}.Debug|iPhoneSimulator.Build.0 = Debug|iPhoneSimulator
		{E1335EFA-BA9D-4DA2-98CF-8A3FA9C4A05F}.Debug|x64.ActiveCfg = Debug|iPhone
		{E1335EFA-BA9D-4DA2-98CF-8A3FA9C4A05F}.Debug|x86.ActiveCfg = Debug|iPhone
		{E1335EFA-BA9D-4DA2-98CF-8A3FA9C4A05F}.Release|Any CPU.ActiveCfg = Release|iPhone
		{E1335EFA-BA9D-4DA2-98CF-8A3FA9C4A05F}.Release|ARM.ActiveCfg = Release|iPhone
		{E1335EFA-BA9D-4DA2-98CF-8A3FA9C4A05F}.Release|iPhone.ActiveCfg = Release|iPhone
		{E1335EFA-BA9D-4DA2-98CF-8A3FA9C4A05F}.Release|iPhone.Build.0 = Release|iPhone
		{E1335EFA-BA9D-4DA2-98CF-8A3FA9C4A05F}.Release|iPhoneSimulator.ActiveCfg = Release|iPhoneSimulator
		{E1335EFA-BA9D-4DA2-98CF-8A3FA9C4A05F}.Release|iPhoneSimulator.Build.0 = Release|iPhoneSimulator
		{E1335EFA-BA9D-4DA2-98CF-8A3FA9C4A05F}.Release|x64.ActiveCfg = Release|iPhone
		{E1335EFA-BA9D-4DA2-98CF-8A3FA9C4A05F}.Release|x86.ActiveCfg = Release|iPhone
	EndGlobalSection
	GlobalSection(SolutionProperties) = preSolution
		HideSolutionNode = FALSE
	EndGlobalSection
	GlobalSection(ExtensibilityGlobals) = postSolution
		SolutionGuid = {629065F0-F1D9-4820-A125-07143F942A2E}
	EndGlobalSection
EndGlobal
